PODS:
  - KeyboardAdjuster (4.0.0)
  - LionheartExtensions (3.15.0):
    - LionheartExtensions/Core (= 3.15.0)
  - LionheartExtensions/Core (3.15.0)
  - QuickTableView (3.0.0):
    - KeyboardAdjuster (~> 4)
  - SuperLayout (1.0.1):
    - SuperLayout/Core (= 1.0.1)
  - SuperLayout/Core (1.0.1)
  - TipJarViewController (0.1.3):
    - LionheartExtensions (~> 3)
    - QuickTableView (~> 3)
    - SuperLayout (~> 1)

DEPENDENCIES:
  - TipJarViewController (from `../`)

SPEC REPOS:
  https://github.com/cocoapods/specs.git:
    - KeyboardAdjuster
    - LionheartExtensions
    - QuickTableView
    - SuperLayout

EXTERNAL SOURCES:
  TipJarViewController:
    :path: "../"

SPEC CHECKSUMS:
  KeyboardAdjuster: 50eec4e8d52fd5d7f5df74fc07193cdadcc88abb
  LionheartExtensions: 199f618c204b3d6a3a31fb5adef49d049bb3206d
  QuickTableView: 296b258f41ac91521ae517404646da4beab73fa3
  SuperLayout: 8d8a8399366e130f244963d97bd04a66fd08d368
  TipJarViewController: 080eea13f3c3f7973d9b4bec5f3bf3bfe1932dce

PODFILE CHECKSUM: d73304a2019e4961d0f53bedc71ec62595c4e7e5

COCOAPODS: 1.5.3
